{
  "name": "@qvvg/test-tag-rawr",
  "version": "0.0.3",
  "lockfileVersion": 1,
  "requires": true,
  "dependencies": {
    "@qvvg/test-is-tag": {
      "version": "0.0.6",
      "resolved": "https://registry.npmjs.org/@qvvg/test-is-tag/-/test-is-tag-0.0.6.tgz",
      "integrity": "sha512-1b9GilJ/uoS8Zt295ToMb/TR6QTi2ltksygpLqKoofCwuCXIpY/n5ZGnEnlqwpW/P84HfMn9PHs5RmiP71kkRg=="
    },
    "@qvvg/test-make-tag": {
      "version": "0.0.6",
      "resolved": "https://registry.npmjs.org/@qvvg/test-make-tag/-/test-make-tag-0.0.6.tgz",
      "integrity": "sha512-JzcvZohAL4DQH26w/dThBHkUkUgE/UHzDjBOuC/byd/0+UMnjcFcmJqnpN2vs1KANUR+IjRnDpMlLuflPUVcuw=="
    }
  }
}
